
Microsoft Visual Studio Solution File, Format Version 12.00
# Visual Studio Version 16
VisualStudioVersion = 16.0.31515.178
MinimumVisualStudioVersion = 10.0.40219.1
Project("{FAE04EC0-301F-11D3-BF4B-00C04F79EFBC}") = "R1TestWindowArea", "R1TestWindowArea.csproj", "{EA2E7DB7-F347-4D91-A1EE-E159401D5DFA}"
EndProject
Global
	GlobalSection(SolutionConfigurationPlatforms) = preSolution
		Debug|Any CPU = Debug|Any CPU
		Release|Any CPU = Release|Any CPU
	EndGlobalSection
	GlobalSection(ProjectConfigurationPlatforms) = postSolution
		{EA2E7DB7-F347-4D91-A1EE-E159401D5DFA}.Debug|Any CPU.ActiveCfg = Debug|Any CPU
		{EA2E7DB7-F347-4D91-A1EE-E159401D5DFA}.Debug|Any CPU.Build.0 = Debug|Any CPU
		{EA2E7DB7-F347-4D91-A1EE-E159401D5DFA}.Release|Any CPU.ActiveCfg = Release|Any CPU
		{EA2E7DB7-F347-4D91-A1EE-E159401D5DFA}.Release|Any CPU.Build.0 = Release|Any CPU
	EndGlobalSection
	GlobalSection(SolutionProperties) = preSolution
		HideSolutionNode = FALSE
	EndGlobalSection
	GlobalSection(ExtensibilityGlobals) = postSolution
		SolutionGuid = {185263DA-234D-48C0-BEA0-8EB4CE91F961}
	EndGlobalSection
EndGlobal
